
Microsoft Visual Studio Solution File, Format Version 12.00
# Visual Studio Version 17
VisualStudioVersion = 17.2.32519.379
MinimumVisualStudioVersion = 10.0.40219.1
Project("{9A19103F-16F7-4668-BE54-9A1E7A4F7556}") = "DistributedMandelbrot", "DistributedMandelbrot\DistributedMandelbrot.csproj", "{E703D9A8-959F-427C-B634-95834CF53DB5}"
EndProject
Project("{888888A0-9F3D-457C-B088-3A5042F75D52}") = "DistributedMandelbrotWorkerCUDA", "DistributedMandelbrotWorkerCUDA\DistributedMandelbrotWorkerCUDA.pyproj", "{C91E1C89-7FB2-41A6-A6D4-60CE38A7FE14}"
EndProject
Project("{888888A0-9F3D-457C-B088-3A5042F75D52}") = "DistributedMandelbrotViewer", "DistributedMandelbrotViewer\DistributedMandelbrotViewer.pyproj", "{F5DB0E01-0E00-4159-85AE-4A4BE9FFE97E}"
EndProject
Global
	GlobalSection(SolutionConfigurationPlatforms) = preSolution
		Debug|Any CPU = Debug|Any CPU
		Release|Any CPU = Release|Any CPU
	EndGlobalSection
	GlobalSection(ProjectConfigurationPlatforms) = postSolution
		{E703D9A8-959F-427C-B634-95834CF53DB5}.Debug|Any CPU.ActiveCfg = Debug|Any CPU
		{E703D9A8-959F-427C-B634-95834CF53DB5}.Debug|Any CPU.Build.0 = Debug|Any CPU
		{E703D9A8-959F-427C-B634-95834CF53DB5}.Release|Any CPU.ActiveCfg = Release|Any CPU
		{E703D9A8-959F-427C-B634-95834CF53DB5}.Release|Any CPU.Build.0 = Release|Any CPU
		{C91E1C89-7FB2-41A6-A6D4-60CE38A7FE14}.Debug|Any CPU.ActiveCfg = Debug|Any CPU
		{C91E1C89-7FB2-41A6-A6D4-60CE38A7FE14}.Release|Any CPU.ActiveCfg = Release|Any CPU
		{F5DB0E01-0E00-4159-85AE-4A4BE9FFE97E}.Debug|Any CPU.ActiveCfg = Debug|Any CPU
		{F5DB0E01-0E00-4159-85AE-4A4BE9FFE97E}.Release|Any CPU.ActiveCfg = Release|Any CPU
	EndGlobalSection
	GlobalSection(SolutionProperties) = preSolution
		HideSolutionNode = FALSE
	EndGlobalSection
	GlobalSection(ExtensibilityGlobals) = postSolution
		SolutionGuid = {95B0E95D-5826-48B6-924C-FC86FF402AE1}
	EndGlobalSection
EndGlobal
